
Microsoft Visual Studio Solution File, Format Version 12.00
# Visual Studio Version 17
VisualStudioVersion = 17.11.35327.3
MinimumVisualStudioVersion = 10.0.40219.1
Project("{9A19103F-16F7-4668-BE54-9A1E7A4F7556}") = "Optix_Sample_CustomPDFReports", "Optix_Sample_CustomPDFReports.csproj", "{19767487-12CC-A935-A63C-B1728BF3AABF}"
EndProject
Global
	GlobalSection(SolutionConfigurationPlatforms) = preSolution
		Debug|Any CPU = Debug|Any CPU
		Release|Any CPU = Release|Any CPU
	EndGlobalSection
	GlobalSection(ProjectConfigurationPlatforms) = postSolution
		{19767487-12CC-A935-A63C-B1728BF3AABF}.Debug|Any CPU.ActiveCfg = Debug|Any CPU
		{19767487-12CC-A935-A63C-B1728BF3AABF}.Debug|Any CPU.Build.0 = Debug|Any CPU
		{19767487-12CC-A935-A63C-B1728BF3AABF}.Release|Any CPU.ActiveCfg = Release|Any CPU
		{19767487-12CC-A935-A63C-B1728BF3AABF}.Release|Any CPU.Build.0 = Release|Any CPU
	EndGlobalSection
	GlobalSection(SolutionProperties) = preSolution
		HideSolutionNode = FALSE
	EndGlobalSection
EndGlobal
